
Microsoft Visual Studio Solution File, Format Version 11.00
# Visual Studio 2010
Project("{FAE04EC0-301F-11D3-BF4B-00C04F79EFBC}") = "TaoMeetting", "TaoMeetting\TaoMeetting.csproj", "{8464985C-B3F2-484C-8CB8-4B01E21ACFDD}"
EndProject
Project("{FAE04EC0-301F-11D3-BF4B-00C04F79EFBC}") = "Business", "Business\Business.csproj", "{F7A4F0C8-F83A-45D5-B0FF-6E5709B01A86}"
EndProject
Project("{FAE04EC0-301F-11D3-BF4B-00C04F79EFBC}") = "Domain", "Domain\Domain.csproj", "{8E144726-D388-4A45-8CFA-21FBFE30CFB1}"
EndProject
Project("{FAE04EC0-301F-11D3-BF4B-00C04F79EFBC}") = "Persistence", "Persistence\Persistence.csproj", "{E55224D7-0555-4903-8B2A-7DD45F87D654}"
EndProject
Project("{FAE04EC0-301F-11D3-BF4B-00C04F79EFBC}") = "Utility", "Utility\Utility.csproj", "{517CE853-A673-4FA5-971C-CE2D413AC0A4}"
EndProject
Global
	GlobalSection(SolutionConfigurationPlatforms) = preSolution
		Debug|Any CPU = Debug|Any CPU
		Release|Any CPU = Release|Any CPU
	EndGlobalSection
	GlobalSection(ProjectConfigurationPlatforms) = postSolution
		{8464985C-B3F2-484C-8CB8-4B01E21ACFDD}.Debug|Any CPU.ActiveCfg = Debug|Any CPU
		{8464985C-B3F2-484C-8CB8-4B01E21ACFDD}.Debug|Any CPU.Build.0 = Debug|Any CPU
		{8464985C-B3F2-484C-8CB8-4B01E21ACFDD}.Release|Any CPU.ActiveCfg = Release|Any CPU
		{8464985C-B3F2-484C-8CB8-4B01E21ACFDD}.Release|Any CPU.Build.0 = Release|Any CPU
		{F7A4F0C8-F83A-45D5-B0FF-6E5709B01A86}.Debug|Any CPU.ActiveCfg = Debug|Any CPU
		{F7A4F0C8-F83A-45D5-B0FF-6E5709B01A86}.Debug|Any CPU.Build.0 = Debug|Any CPU
		{F7A4F0C8-F83A-45D5-B0FF-6E5709B01A86}.Release|Any CPU.ActiveCfg = Release|Any CPU
		{F7A4F0C8-F83A-45D5-B0FF-6E5709B01A86}.Release|Any CPU.Build.0 = Release|Any CPU
		{8E144726-D388-4A45-8CFA-21FBFE30CFB1}.Debug|Any CPU.ActiveCfg = Debug|Any CPU
		{8E144726-D388-4A45-8CFA-21FBFE30CFB1}.Debug|Any CPU.Build.0 = Debug|Any CPU
		{8E144726-D388-4A45-8CFA-21FBFE30CFB1}.Release|Any CPU.ActiveCfg = Release|Any CPU
		{8E144726-D388-4A45-8CFA-21FBFE30CFB1}.Release|Any CPU.Build.0 = Release|Any CPU
		{E55224D7-0555-4903-8B2A-7DD45F87D654}.Debug|Any CPU.ActiveCfg = Debug|Any CPU
		{E55224D7-0555-4903-8B2A-7DD45F87D654}.Debug|Any CPU.Build.0 = Debug|Any CPU
		{E55224D7-0555-4903-8B2A-7DD45F87D654}.Release|Any CPU.ActiveCfg = Release|Any CPU
		{E55224D7-0555-4903-8B2A-7DD45F87D654}.Release|Any CPU.Build.0 = Release|Any CPU
		{517CE853-A673-4FA5-971C-CE2D413AC0A4}.Debug|Any CPU.ActiveCfg = Debug|Any CPU
		{517CE853-A673-4FA5-971C-CE2D413AC0A4}.Debug|Any CPU.Build.0 = Debug|Any CPU
		{517CE853-A673-4FA5-971C-CE2D413AC0A4}.Release|Any CPU.ActiveCfg = Release|Any CPU
		{517CE853-A673-4FA5-971C-CE2D413AC0A4}.Release|Any CPU.Build.0 = Release|Any CPU
	EndGlobalSection
	GlobalSection(SolutionProperties) = preSolution
		HideSolutionNode = FALSE
	EndGlobalSection
EndGlobal
